
Microsoft Visual Studio Solution File, Format Version 12.00
# Visual Studio Version 17
VisualStudioVersion = 17.5.33424.131
MinimumVisualStudioVersion = 10.0.40219.1
Project("{FAE04EC0-301F-11D3-BF4B-00C04F79EFBC}") = "ConsoleApp1", "ConsoleApp1\ConsoleApp1.csproj", "{6B5BE186-9AB9-4C72-8CFF-91DA7B15E67B}"
EndProject
Global
	GlobalSection(SolutionConfigurationPlatforms) = preSolution
		Debug|Any CPU = Debug|Any CPU
		Release|Any CPU = Release|Any CPU
	EndGlobalSection
	GlobalSection(ProjectConfigurationPlatforms) = postSolution
		{6B5BE186-9AB9-4C72-8CFF-91DA7B15E67B}.Debug|Any CPU.ActiveCfg = Debug|Any CPU
		{6B5BE186-9AB9-4C72-8CFF-91DA7B15E67B}.Debug|Any CPU.Build.0 = Debug|Any CPU
		{6B5BE186-9AB9-4C72-8CFF-91DA7B15E67B}.Release|Any CPU.ActiveCfg = Release|Any CPU
		{6B5BE186-9AB9-4C72-8CFF-91DA7B15E67B}.Release|Any CPU.Build.0 = Release|Any CPU
	EndGlobalSection
	GlobalSection(SolutionProperties) = preSolution
		HideSolutionNode = FALSE
	EndGlobalSection
	GlobalSection(ExtensibilityGlobals) = postSolution
		SolutionGuid = {19EDBFEA-63FD-4E45-901F-BD35FE1CFE2F}
	EndGlobalSection
EndGlobal
